
Microsoft Visual Studio Solution File, Format Version 12.00
# Visual Studio Version 17
VisualStudioVersion = 17.14.36603.0 d17.14
MinimumVisualStudioVersion = 10.0.40219.1
Project("{FAE04EC0-301F-11D3-BF4B-00C04F79EFBC}") = "BrandInspector", "BrandInspector\BrandInspector.csproj", "{70F87949-BF9A-4EDB-A70C-492274321ADD}"
EndProject
Global
	GlobalSection(SolutionConfigurationPlatforms) = preSolution
		Debug|Any CPU = Debug|Any CPU
		Release|Any CPU = Release|Any CPU
	EndGlobalSection
	GlobalSection(ProjectConfigurationPlatforms) = postSolution
		{70F87949-BF9A-4EDB-A70C-492274321ADD}.Debug|Any CPU.ActiveCfg = Debug|Any CPU
		{70F87949-BF9A-4EDB-A70C-492274321ADD}.Debug|Any CPU.Build.0 = Debug|Any CPU
		{70F87949-BF9A-4EDB-A70C-492274321ADD}.Release|Any CPU.ActiveCfg = Release|Any CPU
		{70F87949-BF9A-4EDB-A70C-492274321ADD}.Release|Any CPU.Build.0 = Release|Any CPU
	EndGlobalSection
	GlobalSection(SolutionProperties) = preSolution
		HideSolutionNode = FALSE
	EndGlobalSection
	GlobalSection(ExtensibilityGlobals) = postSolution
		SolutionGuid = {A416266C-4BEA-4207-9221-59F2A71AE91A}
	EndGlobalSection
EndGlobal
